
Microsoft Visual Studio Solution File, Format Version 12.00
# Visual Studio 15
VisualStudioVersion = 15.0.25807.0
MinimumVisualStudioVersion = 10.0.40219.1
Project("{8BC9CEB8-8B4A-11D0-8D11-00A0C91BC942}") = "EngineDemo", "EngineDemo\EngineDemo.vcxproj", "{04087101-6A41-45A8-95FA-028CC62ED012}"
EndProject
Project("{8BC9CEB8-8B4A-11D0-8D11-00A0C91BC942}") = "DirectXTK_Desktop_2015", "DirectXTK\DirectXTK_Desktop_2015.vcxproj", "{E0B52AE7-E160-4D32-BF3F-910B785E5A8E}"
EndProject
Project("{8BC9CEB8-8B4A-11D0-8D11-00A0C91BC942}") = "Automatic Versions", "Automatic Versions\Automatic Versions.vcxproj", "{D4C2FDC9-8F1A-4E06-80EE-681094D44B9C}"
EndProject
Global
	GlobalSection(Performance) = preSolution
		HasPerformanceSessions = true
	EndGlobalSection
	GlobalSection(SolutionConfigurationPlatforms) = preSolution
		Debug|Win32 = Debug|Win32
		Debug|x64 = Debug|x64
		Release|Win32 = Release|Win32
		Release|x64 = Release|x64
	EndGlobalSection
	GlobalSection(ProjectConfigurationPlatforms) = postSolution
		{04087101-6A41-45A8-95FA-028CC62ED012}.Debug|Win32.ActiveCfg = Debug|Win32
		{04087101-6A41-45A8-95FA-028CC62ED012}.Debug|Win32.Build.0 = Debug|Win32
		{04087101-6A41-45A8-95FA-028CC62ED012}.Debug|x64.ActiveCfg = Debug|x64
		{04087101-6A41-45A8-95FA-028CC62ED012}.Debug|x64.Build.0 = Debug|x64
		{04087101-6A41-45A8-95FA-028CC62ED012}.Release|Win32.ActiveCfg = Release|Win32
		{04087101-6A41-45A8-95FA-028CC62ED012}.Release|Win32.Build.0 = Release|Win32
		{04087101-6A41-45A8-95FA-028CC62ED012}.Release|x64.ActiveCfg = Release|x64
		{04087101-6A41-45A8-95FA-028CC62ED012}.Release|x64.Build.0 = Release|x64
		{E0B52AE7-E160-4D32-BF3F-910B785E5A8E}.Debug|Win32.ActiveCfg = Debug|Win32
		{E0B52AE7-E160-4D32-BF3F-910B785E5A8E}.Debug|Win32.Build.0 = Debug|Win32
		{E0B52AE7-E160-4D32-BF3F-910B785E5A8E}.Debug|x64.ActiveCfg = Debug|x64
		{E0B52AE7-E160-4D32-BF3F-910B785E5A8E}.Debug|x64.Build.0 = Debug|x64
		{E0B52AE7-E160-4D32-BF3F-910B785E5A8E}.Release|Win32.ActiveCfg = Release|Win32
		{E0B52AE7-E160-4D32-BF3F-910B785E5A8E}.Release|Win32.Build.0 = Release|Win32
		{E0B52AE7-E160-4D32-BF3F-910B785E5A8E}.Release|x64.ActiveCfg = Release|x64
		{E0B52AE7-E160-4D32-BF3F-910B785E5A8E}.Release|x64.Build.0 = Release|x64
		{D4C2FDC9-8F1A-4E06-80EE-681094D44B9C}.Debug|Win32.ActiveCfg = Debug|Win32
		{D4C2FDC9-8F1A-4E06-80EE-681094D44B9C}.Debug|Win32.Build.0 = Debug|Win32
		{D4C2FDC9-8F1A-4E06-80EE-681094D44B9C}.Debug|x64.ActiveCfg = Debug|x64
		{D4C2FDC9-8F1A-4E06-80EE-681094D44B9C}.Debug|x64.Build.0 = Debug|x64
		{D4C2FDC9-8F1A-4E06-80EE-681094D44B9C}.Release|Win32.ActiveCfg = Release|Win32
		{D4C2FDC9-8F1A-4E06-80EE-681094D44B9C}.Release|Win32.Build.0 = Release|Win32
		{D4C2FDC9-8F1A-4E06-80EE-681094D44B9C}.Release|x64.ActiveCfg = Release|x64
		{D4C2FDC9-8F1A-4E06-80EE-681094D44B9C}.Release|x64.Build.0 = Release|x64
	EndGlobalSection
	GlobalSection(SolutionProperties) = preSolution
		HideSolutionNode = FALSE
	EndGlobalSection
	GlobalSection(Performance) = preSolution
		HasPerformanceSessions = true
	EndGlobalSection
	GlobalSection(Performance) = preSolution
		HasPerformanceSessions = true
	EndGlobalSection
	GlobalSection(AutomaticVersions) = postSolution
		PrimaryVersionType.Release|Win32 = AssemblyVersionAttribute
		UpdateAssemblyVersion.Release|Win32 = True
		UpdateAssemblyFileVersion.Release|Win32 = True
		UpdateAssemblyInfoVersion.Release|Win32 = True
		AssemblyVersionSettings.Release|Win32 = IncrementOnDemandWithReset.IncrementOnDemandWithReset.IncrementOnDemand.Increment
		AssemblyFileVersionSettings.Release|Win32 = IncrementOnDemandWithReset.IncrementOnDemandWithReset.IncrementOnDemand.Increment
		AssemblyInfoVersionSettings.Release|Win32 = IncrementOnDemandWithReset.IncrementOnDemandWithReset.IncrementOnDemand.Increment
	EndGlobalSection
EndGlobal
