<?xml version="1.0" encoding="utf-8"?>
<Project ToolsVersion="4.0" xmlns="http://schemas.microsoft.com/developer/msbuild/2003">
  <ItemGroup>
    <Filter Include="Source Files">
      <UniqueIdentifier>{4FC737F1-C7A5-4376-A066-2A32D752A2FF}</UniqueIdentifier>
      <Extensions>cpp;c;cc;cxx;def;odl;idl;hpj;bat;asm;asmx</Extensions>
    </Filter>
    <Filter Include="Header Files">
      <UniqueIdentifier>{93995380-89BD-4b04-88EB-625FBE52EBFB}</UniqueIdentifier>
      <Extensions>h;hh;hpp;hxx;hm;inl;inc;xsd</Extensions>
    </Filter>
    <Filter Include="Resource Files">
      <UniqueIdentifier>{67DA6AB6-F800-4c08-8B7A-83BB121AAD01}</UniqueIdentifier>
      <Extensions>rc;ico;cur;bmp;dlg;rc2;rct;bin;rgs;gif;jpg;jpeg;jpe;resx;tiff;tif;png;wav;mfcribbon-ms</Extensions>
    </Filter>
    <Filter Include="3rd-party">
      <UniqueIdentifier>{a4a4c9cd-9ef0-49aa-b74c-b970c6ad851f}</UniqueIdentifier>
    </Filter>
    <Filter Include="3rd-party\inih">
      <UniqueIdentifier>{ab81de17-d228-4b3e-b0f6-e7fd1de71615}</UniqueIdentifier>
    </Filter>
    <Filter Include="Shaders">
      <UniqueIdentifier>{8463eb14-e9d2-4100-8d1c-a68ba0f90bd5}</UniqueIdentifier>
    </Filter>
    <Filter Include="Shaders\Terrain">
      <UniqueIdentifier>{0407ce10-63c3-4c96-adb5-ccff0e9e647a}</UniqueIdentifier>
    </Filter>
    <Filter Include="Shaders\Watter">
      <UniqueIdentifier>{0a3c58ff-999b-48d9-bc4b-37915ba4c3c7}</UniqueIdentifier>
    </Filter>
    <Filter Include="Utilities">
      <UniqueIdentifier>{b32946a3-196e-4ebd-806b-5841d938e6fe}</UniqueIdentifier>
    </Filter>
    <Filter Include="Shaders\Sky">
      <UniqueIdentifier>{dbc5dcd7-e2e1-4be6-b8e1-8d97717d27b3}</UniqueIdentifier>
    </Filter>
    <Filter Include="Shaders\Clouds">
      <UniqueIdentifier>{79205377-1b1e-4d1c-a893-556fe7f7c0c3}</UniqueIdentifier>
    </Filter>
    <Filter Include="3rd-party\noise">
      <UniqueIdentifier>{e47e847d-dee4-4fa2-bf71-889c54eb62de}</UniqueIdentifier>
    </Filter>
    <Filter Include="3rd-party\noise\module">
      <UniqueIdentifier>{c0aba9ca-8e2e-4c41-85f8-e05b75079fc9}</UniqueIdentifier>
    </Filter>
    <Filter Include="3rd-party\noise\model">
      <UniqueIdentifier>{0fc33b44-82f4-4837-a3bd-f13945dd2bc6}</UniqueIdentifier>
    </Filter>
    <Filter Include="Debug">
      <UniqueIdentifier>{bae5339b-83bd-4acb-93f3-9d34c656626f}</UniqueIdentifier>
    </Filter>
    <Filter Include="Shaders\WaterBruneton">
      <UniqueIdentifier>{275b03d0-e732-48bc-af35-fc53c977b8b7}</UniqueIdentifier>
    </Filter>
    <Filter Include="Shaders\PostFX">
      <UniqueIdentifier>{fc5a97e6-4d16-4e91-af13-533778bd6af6}</UniqueIdentifier>
    </Filter>
    <Filter Include="Shaders\Ocean">
      <UniqueIdentifier>{67ccc6a7-80f7-452b-b6db-6d7118d9012d}</UniqueIdentifier>
    </Filter>
    <Filter Include="Shaders\Terrain2">
      <UniqueIdentifier>{58303a86-f9ed-4043-9478-9590c99c8696}</UniqueIdentifier>
    </Filter>
    <Filter Include="Shaders\Sky2">
      <UniqueIdentifier>{161e73ac-b895-4fbb-bbfc-a16fb2f10d83}</UniqueIdentifier>
    </Filter>
    <Filter Include="Shaders\Deferred Shaders">
      <UniqueIdentifier>{f531fb3f-a0e4-4710-af29-328c0d22999c}</UniqueIdentifier>
    </Filter>
    <Filter Include="3rd-party\ImGui">
      <UniqueIdentifier>{d49c3c40-cdfe-4a37-aaba-6936c1408dfa}</UniqueIdentifier>
    </Filter>
  </ItemGroup>
  <ItemGroup>
    <ClCompile Include="systemclass.cpp">
      <Filter>Source Files</Filter>
    </ClCompile>
    <ClCompile Include="d3dclass.cpp">
      <Filter>Source Files</Filter>
    </ClCompile>
    <ClCompile Include="inih\ini.c">
      <Filter>3rd-party\inih</Filter>
    </ClCompile>
    <ClCompile Include="inih\cpp\INIReader.cpp">
      <Filter>3rd-party\inih</Filter>
    </ClCompile>
    <ClCompile Include="cameraclass.cpp">
      <Filter>Source Files</Filter>
    </ClCompile>
    <ClCompile Include="timerclass.cpp">
      <Filter>Source Files</Filter>
    </ClCompile>
    <ClCompile Include="inputclass.cpp">
      <Filter>Source Files</Filter>
    </ClCompile>
    <ClCompile Include="terrain.cpp">
      <Filter>Source Files</Filter>
    </ClCompile>
    <ClCompile Include="playerclass.cpp">
      <Filter>Source Files</Filter>
    </ClCompile>
    <ClCompile Include="shadowmapclass.cpp">
      <Filter>Source Files</Filter>
    </ClCompile>
    <ClCompile Include="Lights.cpp">
      <Filter>Source Files</Filter>
    </ClCompile>
    <ClCompile Include="FFT.cpp">
      <Filter>Source Files</Filter>
    </ClCompile>
    <ClCompile Include="map.cpp">
      <Filter>Source Files</Filter>
    </ClCompile>
    <ClCompile Include="main.cpp" />
    <ClCompile Include="Water.cpp">
      <Filter>Source Files</Filter>
    </ClCompile>
    <ClCompile Include="Utilities\CreateShader.cpp">
      <Filter>Utilities</Filter>
    </ClCompile>
    <ClCompile Include="Sky.cpp">
      <Filter>Source Files</Filter>
    </ClCompile>
    <ClCompile Include="CloudsClass.cpp">
      <Filter>Source Files</Filter>
    </ClCompile>
    <ClCompile Include="CloudsClass2.cpp">
      <Filter>Source Files</Filter>
    </ClCompile>
    <ClCompile Include="WaterBruneton.cpp">
      <Filter>Source Files</Filter>
    </ClCompile>
    <ClCompile Include="loggerclass.cpp">
      <Filter>Debug</Filter>
    </ClCompile>
    <ClCompile Include="Utilities\Texture.cpp">
      <Filter>Utilities</Filter>
    </ClCompile>
    <ClCompile Include="PostFX.cpp">
      <Filter>Source Files</Filter>
    </ClCompile>
    <ClCompile Include="MeshBuffer.cpp">
      <Filter>Source Files</Filter>
    </ClCompile>
    <ClCompile Include="RenderStates.cpp">
      <Filter>Source Files</Filter>
    </ClCompile>
    <ClCompile Include="Ocean.cpp">
      <Filter>Source Files</Filter>
    </ClCompile>
    <ClCompile Include="CDLODQuadTree.cpp">
      <Filter>Source Files</Filter>
    </ClCompile>
    <ClCompile Include="Terrain2.cpp">
      <Filter>Source Files</Filter>
    </ClCompile>
    <ClCompile Include="GBuffer.cpp">
      <Filter>Source Files</Filter>
    </ClCompile>
    <ClCompile Include="Sky2.cpp">
      <Filter>Source Files</Filter>
    </ClCompile>
    <ClCompile Include="ImGui\imgui.cpp">
      <Filter>3rd-party\ImGui</Filter>
    </ClCompile>
    <ClCompile Include="ImGui\imgui_impl_dx11.cpp">
      <Filter>3rd-party\ImGui</Filter>
    </ClCompile>
    <ClCompile Include="ImGui\imgui_demo.cpp">
      <Filter>3rd-party\ImGui</Filter>
    </ClCompile>
    <ClCompile Include="ImGui\imgui_draw.cpp">
      <Filter>3rd-party\ImGui</Filter>
    </ClCompile>
    <ClCompile Include="DeveloperOverlay.cpp">
      <Filter>Debug</Filter>
    </ClCompile>
    <ClCompile Include="ShaderManager.cpp">
      <Filter>Source Files</Filter>
    </ClCompile>
    <ClCompile Include="ResizeEvent.cpp">
      <Filter>Source Files</Filter>
    </ClCompile>
  </ItemGroup>
  <ItemGroup>
    <ClInclude Include="systemclass.h">
      <Filter>Header Files</Filter>
    </ClInclude>
    <ClInclude Include="d3dclass.h">
      <Filter>Header Files</Filter>
    </ClInclude>
    <ClInclude Include="inih\ini.h">
      <Filter>3rd-party\inih</Filter>
    </ClInclude>
    <ClInclude Include="inih\cpp\INIReader.h">
      <Filter>3rd-party\inih</Filter>
    </ClInclude>
    <ClInclude Include="cameraclass.h">
      <Filter>Header Files</Filter>
    </ClInclude>
    <ClInclude Include="timerclass.h">
      <Filter>Header Files</Filter>
    </ClInclude>
    <ClInclude Include="inputclass.h">
      <Filter>Header Files</Filter>
    </ClInclude>
    <ClInclude Include="terrain.h">
      <Filter>Header Files</Filter>
    </ClInclude>
    <ClInclude Include="playerclass.h">
      <Filter>Header Files</Filter>
    </ClInclude>
    <ClInclude Include="map.h">
      <Filter>Header Files</Filter>
    </ClInclude>
    <ClInclude Include="shadowmapclass.h">
      <Filter>Header Files</Filter>
    </ClInclude>
    <ClInclude Include="Utilities\RenderViewTargetStack.h">
      <Filter>Utilities</Filter>
    </ClInclude>
    <ClInclude Include="Lights.h">
      <Filter>Header Files</Filter>
    </ClInclude>
    <ClInclude Include="FFT.h">
      <Filter>Header Files</Filter>
    </ClInclude>
    <ClInclude Include="Water.h">
      <Filter>Header Files</Filter>
    </ClInclude>
    <ClInclude Include="Utilities\CreateShader.h">
      <Filter>Utilities</Filter>
    </ClInclude>
    <ClInclude Include="Version.h">
      <Filter>Header Files</Filter>
    </ClInclude>
    <ClInclude Include="Sky.h">
      <Filter>Header Files</Filter>
    </ClInclude>
    <ClInclude Include="Shaders\Sky\resolutions.h">
      <Filter>Shaders\Sky</Filter>
    </ClInclude>
    <ClInclude Include="CloudsClass.h">
      <Filter>Header Files</Filter>
    </ClInclude>
    <ClInclude Include="Header.h">
      <Filter>Header Files</Filter>
    </ClInclude>
    <ClInclude Include="noise\basictypes.h">
      <Filter>3rd-party\noise</Filter>
    </ClInclude>
    <ClInclude Include="noise\exception.h">
      <Filter>3rd-party\noise</Filter>
    </ClInclude>
    <ClInclude Include="noise\interp.h">
      <Filter>3rd-party\noise</Filter>
    </ClInclude>
    <ClInclude Include="noise\latlon.h">
      <Filter>3rd-party\noise</Filter>
    </ClInclude>
    <ClInclude Include="noise\mathconsts.h">
      <Filter>3rd-party\noise</Filter>
    </ClInclude>
    <ClInclude Include="noise\misc.h">
      <Filter>3rd-party\noise</Filter>
    </ClInclude>
    <ClInclude Include="noise\noise.h">
      <Filter>3rd-party\noise</Filter>
    </ClInclude>
    <ClInclude Include="noise\noisegen.h">
      <Filter>3rd-party\noise</Filter>
    </ClInclude>
    <ClInclude Include="noise\vectortable.h">
      <Filter>3rd-party\noise</Filter>
    </ClInclude>
    <ClInclude Include="noise\module\abs.h">
      <Filter>3rd-party\noise\module</Filter>
    </ClInclude>
    <ClInclude Include="noise\module\add.h">
      <Filter>3rd-party\noise\module</Filter>
    </ClInclude>
    <ClInclude Include="noise\module\billow.h">
      <Filter>3rd-party\noise\module</Filter>
    </ClInclude>
    <ClInclude Include="noise\module\blend.h">
      <Filter>3rd-party\noise\module</Filter>
    </ClInclude>
    <ClInclude Include="noise\module\cache.h">
      <Filter>3rd-party\noise\module</Filter>
    </ClInclude>
    <ClInclude Include="noise\module\checkerboard.h">
      <Filter>3rd-party\noise\module</Filter>
    </ClInclude>
    <ClInclude Include="noise\module\clamp.h">
      <Filter>3rd-party\noise\module</Filter>
    </ClInclude>
    <ClInclude Include="noise\module\const.h">
      <Filter>3rd-party\noise\module</Filter>
    </ClInclude>
    <ClInclude Include="noise\module\curve.h">
      <Filter>3rd-party\noise\module</Filter>
    </ClInclude>
    <ClInclude Include="noise\module\cylinders.h">
      <Filter>3rd-party\noise\module</Filter>
    </ClInclude>
    <ClInclude Include="noise\module\displace.h">
      <Filter>3rd-party\noise\module</Filter>
    </ClInclude>
    <ClInclude Include="noise\module\exponent.h">
      <Filter>3rd-party\noise\module</Filter>
    </ClInclude>
    <ClInclude Include="noise\module\invert.h">
      <Filter>3rd-party\noise\module</Filter>
    </ClInclude>
    <ClInclude Include="noise\module\max.h">
      <Filter>3rd-party\noise\module</Filter>
    </ClInclude>
    <ClInclude Include="noise\module\min.h">
      <Filter>3rd-party\noise\module</Filter>
    </ClInclude>
    <ClInclude Include="noise\module\module.h">
      <Filter>3rd-party\noise\module</Filter>
    </ClInclude>
    <ClInclude Include="noise\module\modulebase.h">
      <Filter>3rd-party\noise\module</Filter>
    </ClInclude>
    <ClInclude Include="noise\module\multiply.h">
      <Filter>3rd-party\noise\module</Filter>
    </ClInclude>
    <ClInclude Include="noise\module\perlin.h">
      <Filter>3rd-party\noise\module</Filter>
    </ClInclude>
    <ClInclude Include="noise\module\power.h">
      <Filter>3rd-party\noise\module</Filter>
    </ClInclude>
    <ClInclude Include="noise\module\ridgedmulti.h">
      <Filter>3rd-party\noise\module</Filter>
    </ClInclude>
    <ClInclude Include="noise\module\rotatepoint.h">
      <Filter>3rd-party\noise\module</Filter>
    </ClInclude>
    <ClInclude Include="noise\module\scalebias.h">
      <Filter>3rd-party\noise\module</Filter>
    </ClInclude>
    <ClInclude Include="noise\module\scalepoint.h">
      <Filter>3rd-party\noise\module</Filter>
    </ClInclude>
    <ClInclude Include="noise\module\select.h">
      <Filter>3rd-party\noise\module</Filter>
    </ClInclude>
    <ClInclude Include="noise\module\spheres.h">
      <Filter>3rd-party\noise\module</Filter>
    </ClInclude>
    <ClInclude Include="noise\module\terrace.h">
      <Filter>3rd-party\noise\module</Filter>
    </ClInclude>
    <ClInclude Include="noise\module\translatepoint.h">
      <Filter>3rd-party\noise\module</Filter>
    </ClInclude>
    <ClInclude Include="noise\module\turbulence.h">
      <Filter>3rd-party\noise\module</Filter>
    </ClInclude>
    <ClInclude Include="noise\module\voronoi.h">
      <Filter>3rd-party\noise\module</Filter>
    </ClInclude>
    <ClInclude Include="noise\model\cylinder.h">
      <Filter>3rd-party\noise\model</Filter>
    </ClInclude>
    <ClInclude Include="noise\model\line.h">
      <Filter>3rd-party\noise\model</Filter>
    </ClInclude>
    <ClInclude Include="noise\model\model.h">
      <Filter>3rd-party\noise\model</Filter>
    </ClInclude>
    <ClInclude Include="noise\model\plane.h">
      <Filter>3rd-party\noise\model</Filter>
    </ClInclude>
    <ClInclude Include="noise\model\sphere.h">
      <Filter>3rd-party\noise\model</Filter>
    </ClInclude>
    <ClInclude Include="CloudsClass2.h">
      <Filter>Header Files</Filter>
    </ClInclude>
    <ClInclude Include="FW1FontWrapper.h">
      <Filter>3rd-party</Filter>
    </ClInclude>
    <ClInclude Include="WaterBruneton.h">
      <Filter>Header Files</Filter>
    </ClInclude>
    <ClInclude Include="Utilities\CreateBuffer.h">
      <Filter>Utilities</Filter>
    </ClInclude>
    <ClInclude Include="Utilities\MapResources.h">
      <Filter>Utilities</Filter>
    </ClInclude>
    <ClInclude Include="loggerclass.h">
      <Filter>Debug</Filter>
    </ClInclude>
    <ClInclude Include="Utilities\Texture.h">
      <Filter>Utilities</Filter>
    </ClInclude>
    <ClInclude Include="PostFX.h">
      <Filter>Header Files</Filter>
    </ClInclude>
    <ClInclude Include="MeshBuffer.h">
      <Filter>Header Files</Filter>
    </ClInclude>
    <ClInclude Include="RenderStates.h">
      <Filter>Header Files</Filter>
    </ClInclude>
    <ClInclude Include="Ocean.h">
      <Filter>Header Files</Filter>
    </ClInclude>
    <ClInclude Include="CDLODQuadTree.h">
      <Filter>Header Files</Filter>
    </ClInclude>
    <ClInclude Include="Terrain2.h">
      <Filter>Header Files</Filter>
    </ClInclude>
    <ClInclude Include="GBuffer.h">
      <Filter>Header Files</Filter>
    </ClInclude>
    <ClInclude Include="Sky2.h">
      <Filter>Header Files</Filter>
    </ClInclude>
    <ClInclude Include="Sky.h">
      <Filter>Header Files</Filter>
    </ClInclude>
    <ClInclude Include="ImGui\imgui_impl_dx11.h">
      <Filter>3rd-party\ImGui</Filter>
    </ClInclude>
    <ClInclude Include="ImGui\imconfig.h">
      <Filter>3rd-party\ImGui</Filter>
    </ClInclude>
    <ClInclude Include="ImGui\imgui.h">
      <Filter>3rd-party\ImGui</Filter>
    </ClInclude>
    <ClInclude Include="ImGui\imgui_internal.h">
      <Filter>3rd-party\ImGui</Filter>
    </ClInclude>
    <ClInclude Include="ImGui\stb_rect_pack.h">
      <Filter>3rd-party\ImGui</Filter>
    </ClInclude>
    <ClInclude Include="ImGui\stb_textedit.h">
      <Filter>3rd-party\ImGui</Filter>
    </ClInclude>
    <ClInclude Include="ImGui\stb_truetype.h">
      <Filter>3rd-party\ImGui</Filter>
    </ClInclude>
    <ClInclude Include="DeveloperOverlay.h">
      <Filter>Debug</Filter>
    </ClInclude>
    <ClInclude Include="ShaderManager.h">
      <Filter>Header Files</Filter>
    </ClInclude>
    <ClInclude Include="ResizeEvent.h">
      <Filter>Header Files</Filter>
    </ClInclude>
  </ItemGroup>
  <ItemGroup>
    <FxCompile Include="BasicPS.hlsl">
      <Filter>Shaders</Filter>
    </FxCompile>
    <FxCompile Include="BasicVS.hlsl">
      <Filter>Shaders</Filter>
    </FxCompile>
    <FxCompile Include="WaterVS.hlsl">
      <Filter>Shaders\Watter</Filter>
    </FxCompile>
    <FxCompile Include="WaterPS.hlsl">
      <Filter>Shaders\Watter</Filter>
    </FxCompile>
    <FxCompile Include="DebugVS.hlsl">
      <Filter>Shaders</Filter>
    </FxCompile>
    <FxCompile Include="DebugPS.hlsl">
      <Filter>Shaders</Filter>
    </FxCompile>
    <FxCompile Include="WaterCS_FFT.hlsl">
      <Filter>Shaders\Watter</Filter>
    </FxCompile>
    <FxCompile Include="WaterCS_FFTPrep.hlsl">
      <Filter>Shaders\Watter</Filter>
    </FxCompile>
    <FxCompile Include="WaterCS_FFTPost.hlsl">
      <Filter>Shaders\Watter</Filter>
    </FxCompile>
    <FxCompile Include="WaterDS.hlsl">
      <Filter>Shaders\Watter</Filter>
    </FxCompile>
    <FxCompile Include="WaterHS.hlsl">
      <Filter>Shaders\Watter</Filter>
    </FxCompile>
    <FxCompile Include="Shaders\Sky\transmittance.hlsl">
      <Filter>Shaders\Sky</Filter>
    </FxCompile>
    <FxCompile Include="Shaders\Terrain\TerrainDS.hlsl">
      <Filter>Shaders\Terrain</Filter>
    </FxCompile>
    <FxCompile Include="Shaders\Terrain\TerrainHS.hlsl">
      <Filter>Shaders\Terrain</Filter>
    </FxCompile>
    <FxCompile Include="Shaders\Terrain\TerrainPS.hlsl">
      <Filter>Shaders\Terrain</Filter>
    </FxCompile>
    <FxCompile Include="Shaders\Terrain\TerrainVS.hlsl">
      <Filter>Shaders\Terrain</Filter>
    </FxCompile>
    <FxCompile Include="Shaders\Sky\inscatter1.hlsl">
      <Filter>Shaders\Sky</Filter>
    </FxCompile>
    <FxCompile Include="Shaders\Sky\inscatterS.hlsl">
      <Filter>Shaders\Sky</Filter>
    </FxCompile>
    <FxCompile Include="Shaders\Sky\irradiance1.hlsl">
      <Filter>Shaders\Sky</Filter>
    </FxCompile>
    <FxCompile Include="Shaders\Sky\irradianceN.hlsl">
      <Filter>Shaders\Sky</Filter>
    </FxCompile>
    <FxCompile Include="Shaders\Sky\inscatterN.hlsl">
      <Filter>Shaders\Sky</Filter>
    </FxCompile>
    <FxCompile Include="Shaders\Sky\copyInscatterN.hlsl">
      <Filter>Shaders\Sky</Filter>
    </FxCompile>
    <FxCompile Include="Shaders\Sky\copyIrradiance.hlsl">
      <Filter>Shaders\Sky</Filter>
    </FxCompile>
    <FxCompile Include="Shaders\Sky\SkyVS.hlsl">
      <Filter>Shaders\Sky</Filter>
    </FxCompile>
    <FxCompile Include="Shaders\Sky\copyInscatter1.hlsl">
      <Filter>Shaders\Sky</Filter>
    </FxCompile>
    <FxCompile Include="Shaders\Sky\SkyToScreenPS.hlsl">
      <Filter>Shaders\Sky</Filter>
    </FxCompile>
    <FxCompile Include="Shaders\Sky\SkyToCubePS.hlsl">
      <Filter>Shaders\Sky</Filter>
    </FxCompile>
    <FxCompile Include="Shaders\Clouds\CloudsVS.hlsl">
      <Filter>Shaders\Clouds</Filter>
    </FxCompile>
    <FxCompile Include="Shaders\Clouds\CloudsPS.hlsl">
      <Filter>Shaders\Clouds</Filter>
    </FxCompile>
    <FxCompile Include="Shaders\WaterBruneton\WaterVS.hlsl">
      <Filter>Shaders\WaterBruneton</Filter>
    </FxCompile>
    <FxCompile Include="Shaders\WaterBruneton\WaterPS.hlsl">
      <Filter>Shaders\WaterBruneton</Filter>
    </FxCompile>
    <FxCompile Include="Shaders\WaterBruneton\variances.hlsl">
      <Filter>Shaders\WaterBruneton</Filter>
    </FxCompile>
    <FxCompile Include="Shaders\WaterBruneton\initFFT.hlsl">
      <Filter>Shaders\WaterBruneton</Filter>
    </FxCompile>
    <FxCompile Include="Shaders\WaterBruneton\FFT.hlsl">
      <Filter>Shaders\WaterBruneton</Filter>
    </FxCompile>
    <FxCompile Include="Shaders\Sky\SkyMapVS.hlsl">
      <Filter>Shaders\Sky</Filter>
    </FxCompile>
    <FxCompile Include="Shaders\Sky\SkyMapPS.hlsl">
      <Filter>Shaders\Sky</Filter>
    </FxCompile>
    <FxCompile Include="Shaders\WaterBruneton\BinitFFT.hlsl">
      <Filter>Shaders\WaterBruneton</Filter>
    </FxCompile>
    <FxCompile Include="Shaders\WaterBruneton\Bfftx.hlsl">
      <Filter>Shaders\WaterBruneton</Filter>
    </FxCompile>
    <FxCompile Include="Shaders\WaterBruneton\Bffty.hlsl">
      <Filter>Shaders\WaterBruneton</Filter>
    </FxCompile>
    <FxCompile Include="Shaders\Ocean\initFFT.hlsl">
      <Filter>Shaders\Ocean</Filter>
    </FxCompile>
    <FxCompile Include="Shaders\Ocean\OceanPS.hlsl">
      <Filter>Shaders\Ocean</Filter>
    </FxCompile>
    <FxCompile Include="Shaders\Ocean\JacobianInject.hlsl">
      <Filter>Shaders\Ocean</Filter>
    </FxCompile>
    <FxCompile Include="Shaders\Ocean\slopeVariance.hlsl">
      <Filter>Shaders\Ocean</Filter>
    </FxCompile>
    <FxCompile Include="Shaders\Ocean\OceanDS.hlsl">
      <Filter>Shaders\Ocean</Filter>
    </FxCompile>
    <FxCompile Include="Shaders\Ocean\OceanHS.hlsl">
      <Filter>Shaders\Ocean</Filter>
    </FxCompile>
    <FxCompile Include="Shaders\Ocean\OceanDSGerstner.hlsl">
      <Filter>Shaders\Ocean</Filter>
    </FxCompile>
    <FxCompile Include="Shaders\Ocean\OceanPSGerstner.hlsl">
      <Filter>Shaders\Ocean</Filter>
    </FxCompile>
    <FxCompile Include="Shaders\Sky2\transmittance.hlsl">
      <Filter>Shaders\Sky2</Filter>
    </FxCompile>
    <FxCompile Include="Shaders\Sky2\inscatterSingle.hlsl">
      <Filter>Shaders\Sky2</Filter>
    </FxCompile>
    <FxCompile Include="Shaders\Sky2\irradianceSingle.hlsl">
      <Filter>Shaders\Sky2</Filter>
    </FxCompile>
    <FxCompile Include="Shaders\Sky\zeroIrradiance.hlsl">
      <Filter>Shaders\Sky</Filter>
    </FxCompile>
    <FxCompile Include="Shaders\Sky2\inscatterCopy.hlsl">
      <Filter>Shaders\Sky2</Filter>
    </FxCompile>
    <FxCompile Include="Shaders\Sky2\irradianceZero.hlsl">
      <Filter>Shaders\Sky2</Filter>
    </FxCompile>
    <FxCompile Include="Shaders\Sky2\inscatterMultipleA.hlsl">
      <Filter>Shaders\Sky2</Filter>
    </FxCompile>
    <FxCompile Include="Shaders\Sky2\irradianceMultiple.hlsl">
      <Filter>Shaders\Sky2</Filter>
    </FxCompile>
    <FxCompile Include="Shaders\Sky2\inscatterMultipleB.hlsl">
      <Filter>Shaders\Sky2</Filter>
    </FxCompile>
    <FxCompile Include="Shaders\Sky2\irradianceAdd.hlsl">
      <Filter>Shaders\Sky2</Filter>
    </FxCompile>
    <FxCompile Include="Shaders\Sky2\inscatterAdd.hlsl">
      <Filter>Shaders\Sky2</Filter>
    </FxCompile>
    <FxCompile Include="Shaders\PostFX\LuminancePass.hlsl">
      <Filter>Shaders\PostFX</Filter>
    </FxCompile>
    <FxCompile Include="Shaders\PostFX\ToneMapping.hlsl">
      <Filter>Shaders\PostFX</Filter>
    </FxCompile>
    <FxCompile Include="cubeVS.hlsl">
      <Filter>Shaders</Filter>
    </FxCompile>
    <FxCompile Include="Shaders\Sky\SkyPostFX.hlsl">
      <Filter>Shaders\Sky</Filter>
    </FxCompile>
    <FxCompile Include="Shaders\Terrain2\OceanDF.hlsl">
      <Filter>Shaders\Terrain2</Filter>
    </FxCompile>
    <FxCompile Include="Shaders\Terrain2\initJFA.hlsl">
      <Filter>Shaders\Terrain2</Filter>
    </FxCompile>
    <FxCompile Include="Shaders\Terrain2\stepJFA.hlsl">
      <Filter>Shaders\Terrain2</Filter>
    </FxCompile>
    <FxCompile Include="Shaders\Terrain2\postJFA.hlsl">
      <Filter>Shaders\Terrain2</Filter>
    </FxCompile>
    <FxCompile Include="Shaders\Terrain2\procesHeighmap.hlsl">
      <Filter>Shaders\Terrain2</Filter>
    </FxCompile>
    <FxCompile Include="Shaders\Terrain2\TerrainVS.hlsl">
      <Filter>Shaders\Terrain2</Filter>
    </FxCompile>
    <FxCompile Include="Shaders\Terrain2\TerrainPS.hlsl">
      <Filter>Shaders\Terrain2</Filter>
    </FxCompile>
    <FxCompile Include="Shaders\Deferred Shaders\phongLingtingPS.hlsl">
      <Filter>Shaders\Deferred Shaders</Filter>
    </FxCompile>
    <FxCompile Include="Shaders\Clouds\CloudsSimplePS.hlsl">
      <Filter>Shaders\Clouds</Filter>
    </FxCompile>
    <FxCompile Include="Shaders\Clouds\generateGen.hlsl">
      <Filter>Shaders\Clouds</Filter>
    </FxCompile>
    <FxCompile Include="Shaders\Clouds\generateDet.hlsl">
      <Filter>Shaders\Clouds</Filter>
    </FxCompile>
    <FxCompile Include="Shaders\Deferred Shaders\phongLingtingPS.hlsl">
      <Filter>Shaders\Deferred Shaders</Filter>
    </FxCompile>
    <FxCompile Include="Shaders\Ocean\OceanVS2.hlsl">
      <Filter>Shaders\Ocean</Filter>
    </FxCompile>
    <FxCompile Include="Shaders\Ocean\OceanHS2.hlsl">
      <Filter>Shaders\Ocean</Filter>
    </FxCompile>
    <FxCompile Include="Shaders\Ocean\OceanDS2.hlsl">
      <Filter>Shaders\Ocean</Filter>
    </FxCompile>
    <FxCompile Include="Shaders\Ocean\OceanPS2.hlsl">
      <Filter>Shaders\Ocean</Filter>
    </FxCompile>
    <FxCompile Include="Shaders\Ocean\OceanPS3.hlsl">
      <Filter>Shaders\Ocean</Filter>
    </FxCompile>
    <FxCompile Include="Shaders\Ocean\SpectrumCS.hlsl">
      <Filter>Shaders\Ocean</Filter>
    </FxCompile>
    <FxCompile Include="Shaders\Ocean\newInitFFTCS.hlsl">
      <Filter>Shaders\Ocean</Filter>
    </FxCompile>
    <FxCompile Include="Shaders\Ocean\OceanQuadVS.hlsl">
      <Filter>Shaders\Ocean</Filter>
    </FxCompile>
    <FxCompile Include="Shaders\Ocean\OceanVS.hlsl">
      <Filter>Shaders\Ocean</Filter>
    </FxCompile>
    <FxCompile Include="Shaders\Terrain2\createHM.hlsl">
      <Filter>Shaders\Terrain2</Filter>
    </FxCompile>
  </ItemGroup>
  <ItemGroup>
    <None Include="settings.ini" />
    <None Include="Shaders\Sky\common.hlsli">
      <Filter>Shaders\Sky</Filter>
    </None>
    <None Include="Shaders\Clouds\SimplexNoise.hlsli">
      <Filter>Shaders\Clouds</Filter>
    </None>
    <None Include="Shaders\WaterBruneton\atmosphere.hlsli">
      <Filter>Shaders\WaterBruneton</Filter>
    </None>
    <None Include="Shaders\PerlinNoise.hlsli">
      <Filter>Shaders</Filter>
    </None>
    <None Include="Shaders\WorleyNoise.hlsli">
      <Filter>Shaders</Filter>
    </None>
    <None Include="Shaders\Clouds\generateCurl.hlsli">
      <Filter>Shaders\Clouds</Filter>
    </None>
    <None Include="Shaders\Sky2\Structures.hlsli">
      <Filter>Shaders\Sky2</Filter>
    </None>
    <None Include="Shaders\Sky2\Common.hlsli">
      <Filter>Shaders\Sky2</Filter>
    </None>
    <None Include="Shaders\Ocean\perFrameCB.hlsli">
      <Filter>Shaders\Ocean</Filter>
    </None>
    <None Include="packages.config" />
  </ItemGroup>
</Project>